github.com/CoopHive/hive v0.6.6 h1:wYDh+2TyennYq2PCV9GY4mGr0GnnSy0/26G+aXr17TE=
github.com/CoopHive/hive v0.6.6/go.mod h1:ZV4/4tJYmtPUs4j+0+S+k/XP/WAYGaj2beTmKIUVdEc=
github.com/gorilla/websocket v1.5.0 h1:PPwGk2jz7EePpoHN/+ClbZu8SPxiqlu12wZP/3sWmnc=
github.com/gorilla/websocket v1.5.0/go.mod h1:YR8l580nyteQvAITg2hZ9XVh4b55+EU/adAjf1fMHhE=
