github.com/CoopHive/hive v0.6.6 h1:wYDh+2TyennYq2PCV9GY4mGr0GnnSy0/26G+aXr17TE=
github.com/CoopHive/hive v0.6.6/go.mod h1:ZV4/4tJYmtPUs4j+0+S+k/XP/WAYGaj2beTmKIUVdEc=
github.com/gorilla/websocket v1.5.1 h1:gmztn0JnHVt9JZquRuzLw3g4wouNVzKL15iLr/zn/QY=
golang.org/x/net v0.19.0 h1:zTwKpTd2XuCqf8huc7Fo2iSy+4RHPd10s4KzeTnVr1c=
